
Microsoft Visual Studio Solution File, Format Version 12.00
# Visual Studio Version 17
VisualStudioVersion = 17.4.33213.308
MinimumVisualStudioVersion = 10.0.40219.1
Project("{FAE04EC0-301F-11D3-BF4B-00C04F79EFBC}") = "PeliculasAPI", "PeliculasAPI\PeliculasAPI.csproj", "{4DECBE3C-FE17-4212-82BA-1F23A4F6066A}"
EndProject
Global
	GlobalSection(SolutionConfigurationPlatforms) = preSolution
		Debug|Any CPU = Debug|Any CPU
		Release|Any CPU = Release|Any CPU
	EndGlobalSection
	GlobalSection(ProjectConfigurationPlatforms) = postSolution
		{4DECBE3C-FE17-4212-82BA-1F23A4F6066A}.Debug|Any CPU.ActiveCfg = Debug|Any CPU
		{4DECBE3C-FE17-4212-82BA-1F23A4F6066A}.Debug|Any CPU.Build.0 = Debug|Any CPU
		{4DECBE3C-FE17-4212-82BA-1F23A4F6066A}.Release|Any CPU.ActiveCfg = Release|Any CPU
		{4DECBE3C-FE17-4212-82BA-1F23A4F6066A}.Release|Any CPU.Build.0 = Release|Any CPU
	EndGlobalSection
	GlobalSection(SolutionProperties) = preSolution
		HideSolutionNode = FALSE
	EndGlobalSection
	GlobalSection(ExtensibilityGlobals) = postSolution
		SolutionGuid = {6DF79515-F0A0-4FCD-BE24-79E195596C41}
	EndGlobalSection
EndGlobal
